// !$*UTF8*$!
{
	archiveVersion = 1;
	classes = {
	};
	objectVersion = 55;
	objects = {

/* Begin PBXBuildFile section */
		05373A8C27A1365C002136E6 /* TimePickerView.swift in Sources */ = {isa = PBXBuildFile; fileRef = 05373A8B27A1365C002136E6 /* TimePickerView.swift */; };
		05373A8E27A13A1B002136E6 /* MultiPickerView.swift in Sources */ = {isa = PBXBuildFile; fileRef = 05373A8D27A13A1B002136E6 /* MultiPickerView.swift */; };
		05373A9327A13B9F002136E6 /* Ranges.swift in Sources */ = {isa = PBXBuildFile; fileRef = 05373A9227A13B9F002136E6 /* Ranges.swift */; };
		05373A9527A143A7002136E6 /* Binding+extensions.swift in Sources */ = {isa = PBXBuildFile; fileRef = 05373A9427A143A7002136E6 /* Binding+extensions.swift */; };
		05373A9727A144CC002136E6 /* Int+extensions.swift in Sources */ = {isa = PBXBuildFile; fileRef = 05373A9627A144CC002136E6 /* Int+extensions.swift */; };
		05373A9927A149F7002136E6 /* UserDefaults+extension.swift in Sources */ = {isa = PBXBuildFile; fileRef = 05373A9827A149F7002136E6 /* UserDefaults+extension.swift */; };
		05373A9B27A14DC4002136E6 /* Double+extensions.swift in Sources */ = {isa = PBXBuildFile; fileRef = 05373A9A27A14DC4002136E6 /* Double+extensions.swift */; };
		053A8FB32791B20700C9FE8F /* TimeApp.swift in Sources */ = {isa = PBXBuildFile; fileRef = 053A8FA32791B20600C9FE8F /* TimeApp.swift */; };
		053A8FB42791B20700C9FE8F /* TimeApp.swift in Sources */ = {isa = PBXBuildFile; fileRef = 053A8FA32791B20600C9FE8F /* TimeApp.swift */; };
		053A8FB72791B20700C9FE8F /* Assets.xcassets in Resources */ = {isa = PBXBuildFile; fileRef = 053A8FA52791B20700C9FE8F /* Assets.xcassets */; };
		053A8FB82791B20700C9FE8F /* Assets.xcassets in Resources */ = {isa = PBXBuildFile; fileRef = 053A8FA52791B20700C9FE8F /* Assets.xcassets */; };
		053A8FC42791B35100C9FE8F /* Color+extensions.swift in Sources */ = {isa = PBXBuildFile; fileRef = 053A8FC32791B35100C9FE8F /* Color+extensions.swift */; };
		053A8FC62791B35D00C9FE8F /* Font+Extension.swift in Sources */ = {isa = PBXBuildFile; fileRef = 053A8FC52791B35D00C9FE8F /* Font+Extension.swift */; };
		053A8FC92791B38D00C9FE8F /* Constants.swift in Sources */ = {isa = PBXBuildFile; fileRef = 053A8FC82791B38D00C9FE8F /* Constants.swift */; };
		053A8FCE2791B3C800C9FE8F /* OnBoardingView.swift in Sources */ = {isa = PBXBuildFile; fileRef = 053A8FCD2791B3C800C9FE8F /* OnBoardingView.swift */; };
		053A8FD02791B3D900C9FE8F /* MainView.swift in Sources */ = {isa = PBXBuildFile; fileRef = 053A8FCF2791B3D900C9FE8F /* MainView.swift */; };
		055C02AA27A2BDB70036C640 /* Spartan-Bold.ttf in Resources */ = {isa = PBXBuildFile; fileRef = 055C02A227A2BDB60036C640 /* Spartan-Bold.ttf */; };
		055C02AB27A2BDB70036C640 /* Spartan-Bold.ttf in Resources */ = {isa = PBXBuildFile; fileRef = 055C02A227A2BDB60036C640 /* Spartan-Bold.ttf */; };
		055C02AC27A2BDB70036C640 /* Spartan-Regular.ttf in Resources */ = {isa = PBXBuildFile; fileRef = 055C02A327A2BDB60036C640 /* Spartan-Regular.ttf */; };
		055C02AD27A2BDB70036C640 /* Spartan-Regular.ttf in Resources */ = {isa = PBXBuildFile; fileRef = 055C02A327A2BDB60036C640 /* Spartan-Regular.ttf */; };
		055C02AE27A2BDB70036C640 /* Spartan-ExtraLight.ttf in Resources */ = {isa = PBXBuildFile; fileRef = 055C02A427A2BDB60036C640 /* Spartan-ExtraLight.ttf */; };
		055C02AF27A2BDB70036C640 /* Spartan-ExtraLight.ttf in Resources */ = {isa = PBXBuildFile; fileRef = 055C02A427A2BDB60036C640 /* Spartan-ExtraLight.ttf */; };
		055C02B027A2BDB70036C640 /* Spartan-SemiBold.ttf in Resources */ = {isa = PBXBuildFile; fileRef = 055C02A527A2BDB60036C640 /* Spartan-SemiBold.ttf */; };
		055C02B127A2BDB70036C640 /* Spartan-SemiBold.ttf in Resources */ = {isa = PBXBuildFile; fileRef = 055C02A527A2BDB60036C640 /* Spartan-SemiBold.ttf */; };
		055C02B227A2BDB70036C640 /* Spartan-Light.ttf in Resources */ = {isa = PBXBuildFile; fileRef = 055C02A627A2BDB60036C640 /* Spartan-Light.ttf */; };
		055C02B327A2BDB70036C640 /* Spartan-Light.ttf in Resources */ = {isa = PBXBuildFile; fileRef = 055C02A627A2BDB60036C640 /* Spartan-Light.ttf */; };
		055C02B427A2BDB70036C640 /* Spartan-Medium.ttf in Resources */ = {isa = PBXBuildFile; fileRef = 055C02A727A2BDB60036C640 /* Spartan-Medium.ttf */; };
		055C02B527A2BDB70036C640 /* Spartan-Medium.ttf in Resources */ = {isa = PBXBuildFile; fileRef = 055C02A727A2BDB60036C640 /* Spartan-Medium.ttf */; };
		055C02B627A2BDB70036C640 /* Spartan-ExtraBold.ttf in Resources */ = {isa = PBXBuildFile; fileRef = 055C02A827A2BDB60036C640 /* Spartan-ExtraBold.ttf */; };
		055C02B727A2BDB70036C640 /* Spartan-ExtraBold.ttf in Resources */ = {isa = PBXBuildFile; fileRef = 055C02A827A2BDB60036C640 /* Spartan-ExtraBold.ttf */; };
		055C02B827A2BDB70036C640 /* Spartan-Thin.ttf in Resources */ = {isa = PBXBuildFile; fileRef = 055C02A927A2BDB70036C640 /* Spartan-Thin.ttf */; };
		055C02B927A2BDB70036C640 /* Spartan-Thin.ttf in Resources */ = {isa = PBXBuildFile; fileRef = 055C02A927A2BDB70036C640 /* Spartan-Thin.ttf */; };
		055C02BB27A2C70C0036C640 /* CategoryAction.swift in Sources */ = {isa = PBXBuildFile; fileRef = 055C02BA27A2C70C0036C640 /* CategoryAction.swift */; };
		055C02BC27A2C70C0036C640 /* CategoryAction.swift in Sources */ = {isa = PBXBuildFile; fileRef = 055C02BA27A2C70C0036C640 /* CategoryAction.swift */; };
		055C02BE27A2CADE0036C640 /* CategoryState.swift in Sources */ = {isa = PBXBuildFile; fileRef = 055C02BD27A2CADE0036C640 /* CategoryState.swift */; };
		055C02BF27A2CADE0036C640 /* CategoryState.swift in Sources */ = {isa = PBXBuildFile; fileRef = 055C02BD27A2CADE0036C640 /* CategoryState.swift */; };
		05CF0F552799B53400215CD8 /* CategoryView.swift in Sources */ = {isa = PBXBuildFile; fileRef = 05CF0F542799B53400215CD8 /* CategoryView.swift */; };
		05CF0F572799B54E00215CD8 /* View+extensions.swift in Sources */ = {isa = PBXBuildFile; fileRef = 05CF0F562799B54E00215CD8 /* View+extensions.swift */; };
		05CF0F592799B56D00215CD8 /* MainViewModel.swift in Sources */ = {isa = PBXBuildFile; fileRef = 05CF0F582799B56D00215CD8 /* MainViewModel.swift */; };
		05CF0F5D2799B83F00215CD8 /* UserDefaultsStorage.swift in Sources */ = {isa = PBXBuildFile; fileRef = 05CF0F5C2799B83F00215CD8 /* UserDefaultsStorage.swift */; };
		05CF0F602799B91C00215CD8 /* ServiceLocator.swift in Sources */ = {isa = PBXBuildFile; fileRef = 05CF0F5F2799B91C00215CD8 /* ServiceLocator.swift */; };
		05CF0F63279A88CB00215CD8 /* CategoryDetailsView.swift in Sources */ = {isa = PBXBuildFile; fileRef = 05CF0F62279A88CB00215CD8 /* CategoryDetailsView.swift */; };
		05CF0F65279A8CF700215CD8 /* ExtensionTestView.swift in Sources */ = {isa = PBXBuildFile; fileRef = 05CF0F64279A8CF700215CD8 /* ExtensionTestView.swift */; };
		05CF0F68279A95D300215CD8 /* CategoryStorageModel.swift in Sources */ = {isa = PBXBuildFile; fileRef = 05CF0F67279A95D300215CD8 /* CategoryStorageModel.swift */; };
		05CF0F6B279A9A1C00215CD8 /* TimeButtonView.swift in Sources */ = {isa = PBXBuildFile; fileRef = 05CF0F6A279A9A1C00215CD8 /* TimeButtonView.swift */; };
		05CF0F6D279AA5D400215CD8 /* TimeNavBarView.swift in Sources */ = {isa = PBXBuildFile; fileRef = 05CF0F6C279AA5D400215CD8 /* TimeNavBarView.swift */; };
		05CF0F6F279AA90100215CD8 /* CategoryViewModel.swift in Sources */ = {isa = PBXBuildFile; fileRef = 05CF0F6E279AA90100215CD8 /* CategoryViewModel.swift */; };
		05CF0F72279AAB5700215CD8 /* SelectOnTapModifier.swift in Sources */ = {isa = PBXBuildFile; fileRef = 05CF0F71279AAB5700215CD8 /* SelectOnTapModifier.swift */; };
		05CF0F74279AC66A00215CD8 /* UIApplication+extensions.swift in Sources */ = {isa = PBXBuildFile; fileRef = 05CF0F73279AC66A00215CD8 /* UIApplication+extensions.swift */; };
		05CF0F76279ACE0900215CD8 /* CategoryDetailsViewModel.swift in Sources */ = {isa = PBXBuildFile; fileRef = 05CF0F75279ACE0900215CD8 /* CategoryDetailsViewModel.swift */; };
		05CF0F78279AD48000215CD8 /* CardDetailsViewAction.swift in Sources */ = {isa = PBXBuildFile; fileRef = 05CF0F77279AD48000215CD8 /* CardDetailsViewAction.swift */; };
		05CF0F7A279AD64900215CD8 /* CardDetailsModel.swift in Sources */ = {isa = PBXBuildFile; fileRef = 05CF0F79279AD64900215CD8 /* CardDetailsModel.swift */; };
		05CF100627A04D2100215CD8 /* Date+extensions.swift in Sources */ = {isa = PBXBuildFile; fileRef = 05CF100527A04D2100215CD8 /* Date+extensions.swift */; };
/* End PBXBuildFile section */

/* Begin PBXFileReference section */
		05373A8B27A1365C002136E6 /* TimePickerView.swift */ = {isa = PBXFileReference; lastKnownFileType = sourcecode.swift; path = TimePickerView.swift; sourceTree = "<group>"; };
		05373A8D27A13A1B002136E6 /* MultiPickerView.swift */ = {isa = PBXFileReference; lastKnownFileType = sourcecode.swift; path = MultiPickerView.swift; sourceTree = "<group>"; };
		05373A9227A13B9F002136E6 /* Ranges.swift */ = {isa = PBXFileReference; lastKnownFileType = sourcecode.swift; path = Ranges.swift; sourceTree = "<group>"; };
		05373A9427A143A7002136E6 /* Binding+extensions.swift */ = {isa = PBXFileReference; lastKnownFileType = sourcecode.swift; path = "Binding+extensions.swift"; sourceTree = "<group>"; };
		05373A9627A144CC002136E6 /* Int+extensions.swift */ = {isa = PBXFileReference; lastKnownFileType = sourcecode.swift; path = "Int+extensions.swift"; sourceTree = "<group>"; };
		05373A9827A149F7002136E6 /* UserDefaults+extension.swift */ = {isa = PBXFileReference; lastKnownFileType = sourcecode.swift; path = "UserDefaults+extension.swift"; sourceTree = "<group>"; };
		05373A9A27A14DC4002136E6 /* Double+extensions.swift */ = {isa = PBXFileReference; lastKnownFileType = sourcecode.swift; path = "Double+extensions.swift"; sourceTree = "<group>"; };
		053A8FA32791B20600C9FE8F /* TimeApp.swift */ = {isa = PBXFileReference; lastKnownFileType = sourcecode.swift; path = TimeApp.swift; sourceTree = "<group>"; };
		053A8FA52791B20700C9FE8F /* Assets.xcassets */ = {isa = PBXFileReference; lastKnownFileType = folder.assetcatalog; path = Assets.xcassets; sourceTree = "<group>"; };
		053A8FAA2791B20700C9FE8F /* Time.app */ = {isa = PBXFileReference; explicitFileType = wrapper.application; includeInIndex = 0; path = Time.app; sourceTree = BUILT_PRODUCTS_DIR; };
		053A8FB02791B20700C9FE8F /* Time.app */ = {isa = PBXFileReference; explicitFileType = wrapper.application; includeInIndex = 0; path = Time.app; sourceTree = BUILT_PRODUCTS_DIR; };
		053A8FB22791B20700C9FE8F /* macOS.entitlements */ = {isa = PBXFileReference; lastKnownFileType = text.plist.entitlements; path = macOS.entitlements; sourceTree = "<group>"; };
		053A8FC32791B35100C9FE8F /* Color+extensions.swift */ = {isa = PBXFileReference; lastKnownFileType = sourcecode.swift; path = "Color+extensions.swift"; sourceTree = "<group>"; };
		053A8FC52791B35D00C9FE8F /* Font+Extension.swift */ = {isa = PBXFileReference; lastKnownFileType = sourcecode.swift; path = "Font+Extension.swift"; sourceTree = "<group>"; };
		053A8FC82791B38D00C9FE8F /* Constants.swift */ = {isa = PBXFileReference; lastKnownFileType = sourcecode.swift; path = Constants.swift; sourceTree = "<group>"; };
		053A8FCD2791B3C800C9FE8F /* OnBoardingView.swift */ = {isa = PBXFileReference; lastKnownFileType = sourcecode.swift; path = OnBoardingView.swift; sourceTree = "<group>"; };
		053A8FCF2791B3D900C9FE8F /* MainView.swift */ = {isa = PBXFileReference; lastKnownFileType = sourcecode.swift; path = MainView.swift; sourceTree = "<group>"; };
		053A8FD12791B4F700C9FE8F /* Time--iOS--Info.plist */ = {isa = PBXFileReference; lastKnownFileType = text.plist; path = "Time--iOS--Info.plist"; sourceTree = "<group>"; };
		055C02A227A2BDB60036C640 /* Spartan-Bold.ttf */ = {isa = PBXFileReference; lastKnownFileType = file; path = "Spartan-Bold.ttf"; sourceTree = "<group>"; };
		055C02A327A2BDB60036C640 /* Spartan-Regular.ttf */ = {isa = PBXFileReference; lastKnownFileType = file; path = "Spartan-Regular.ttf"; sourceTree = "<group>"; };
		055C02A427A2BDB60036C640 /* Spartan-ExtraLight.ttf */ = {isa = PBXFileReference; lastKnownFileType = file; path = "Spartan-ExtraLight.ttf"; sourceTree = "<group>"; };
		055C02A527A2BDB60036C640 /* Spartan-SemiBold.ttf */ = {isa = PBXFileReference; lastKnownFileType = file; path = "Spartan-SemiBold.ttf"; sourceTree = "<group>"; };
		055C02A627A2BDB60036C640 /* Spartan-Light.ttf */ = {isa = PBXFileReference; lastKnownFileType = file; path = "Spartan-Light.ttf"; sourceTree = "<group>"; };
		055C02A727A2BDB60036C640 /* Spartan-Medium.ttf */ = {isa = PBXFileReference; lastKnownFileType = file; path = "Spartan-Medium.ttf"; sourceTree = "<group>"; };
		055C02A827A2BDB60036C640 /* Spartan-ExtraBold.ttf */ = {isa = PBXFileReference; lastKnownFileType = file; path = "Spartan-ExtraBold.ttf"; sourceTree = "<group>"; };
		055C02A927A2BDB70036C640 /* Spartan-Thin.ttf */ = {isa = PBXFileReference; lastKnownFileType = file; path = "Spartan-Thin.ttf"; sourceTree = "<group>"; };
		055C02BA27A2C70C0036C640 /* CategoryAction.swift */ = {isa = PBXFileReference; lastKnownFileType = sourcecode.swift; path = CategoryAction.swift; sourceTree = "<group>"; };
		055C02BD27A2CADE0036C640 /* CategoryState.swift */ = {isa = PBXFileReference; lastKnownFileType = sourcecode.swift; path = CategoryState.swift; sourceTree = "<group>"; };
		05CF0F542799B53400215CD8 /* CategoryView.swift */ = {isa = PBXFileReference; lastKnownFileType = sourcecode.swift; path = CategoryView.swift; sourceTree = "<group>"; };
		05CF0F562799B54E00215CD8 /* View+extensions.swift */ = {isa = PBXFileReference; lastKnownFileType = sourcecode.swift; path = "View+extensions.swift"; sourceTree = "<group>"; };
		05CF0F582799B56D00215CD8 /* MainViewModel.swift */ = {isa = PBXFileReference; lastKnownFileType = sourcecode.swift; path = MainViewModel.swift; sourceTree = "<group>"; };
		05CF0F5C2799B83F00215CD8 /* UserDefaultsStorage.swift */ = {isa = PBXFileReference; lastKnownFileType = sourcecode.swift; path = UserDefaultsStorage.swift; sourceTree = "<group>"; };
		05CF0F5F2799B91C00215CD8 /* ServiceLocator.swift */ = {isa = PBXFileReference; lastKnownFileType = sourcecode.swift; path = ServiceLocator.swift; sourceTree = "<group>"; };
		05CF0F62279A88CB00215CD8 /* CategoryDetailsView.swift */ = {isa = PBXFileReference; lastKnownFileType = sourcecode.swift; path = CategoryDetailsView.swift; sourceTree = "<group>"; };
		05CF0F64279A8CF700215CD8 /* ExtensionTestView.swift */ = {isa = PBXFileReference; lastKnownFileType = sourcecode.swift; path = ExtensionTestView.swift; sourceTree = "<group>"; };
		05CF0F67279A95D300215CD8 /* CategoryStorageModel.swift */ = {isa = PBXFileReference; lastKnownFileType = sourcecode.swift; path = CategoryStorageModel.swift; sourceTree = "<group>"; };
		05CF0F6A279A9A1C00215CD8 /* TimeButtonView.swift */ = {isa = PBXFileReference; lastKnownFileType = sourcecode.swift; path = TimeButtonView.swift; sourceTree = "<group>"; };
		05CF0F6C279AA5D400215CD8 /* TimeNavBarView.swift */ = {isa = PBXFileReference; lastKnownFileType = sourcecode.swift; path = TimeNavBarView.swift; sourceTree = "<group>"; };
		05CF0F6E279AA90100215CD8 /* CategoryViewModel.swift */ = {isa = PBXFileReference; lastKnownFileType = sourcecode.swift; path = CategoryViewModel.swift; sourceTree = "<group>"; };
		05CF0F71279AAB5700215CD8 /* SelectOnTapModifier.swift */ = {isa = PBXFileReference; lastKnownFileType = sourcecode.swift; path = SelectOnTapModifier.swift; sourceTree = "<group>"; };
		05CF0F73279AC66A00215CD8 /* UIApplication+extensions.swift */ = {isa = PBXFileReference; lastKnownFileType = sourcecode.swift; path = "UIApplication+extensions.swift"; sourceTree = "<group>"; };
		05CF0F75279ACE0900215CD8 /* CategoryDetailsViewModel.swift */ = {isa = PBXFileReference; lastKnownFileType = sourcecode.swift; path = CategoryDetailsViewModel.swift; sourceTree = "<group>"; };
		05CF0F77279AD48000215CD8 /* CardDetailsViewAction.swift */ = {isa = PBXFileReference; lastKnownFileType = sourcecode.swift; path = CardDetailsViewAction.swift; sourceTree = "<group>"; };
		05CF0F79279AD64900215CD8 /* CardDetailsModel.swift */ = {isa = PBXFileReference; lastKnownFileType = sourcecode.swift; path = CardDetailsModel.swift; sourceTree = "<group>"; };
		05CF100527A04D2100215CD8 /* Date+extensions.swift */ = {isa = PBXFileReference; lastKnownFileType = sourcecode.swift; path = "Date+extensions.swift"; sourceTree = "<group>"; };
/* End PBXFileReference section */

/* Begin PBXFrameworksBuildPhase section */
		053A8FA72791B20700C9FE8F /* Frameworks */ = {
			isa = PBXFrameworksBuildPhase;
			buildActionMask = 2147483647;
			files = (
			);
			runOnlyForDeploymentPostprocessing = 0;
		};
		053A8FAD2791B20700C9FE8F /* Frameworks */ = {
			isa = PBXFrameworksBuildPhase;
			buildActionMask = 2147483647;
			files = (
			);
			runOnlyForDeploymentPostprocessing = 0;
		};
/* End PBXFrameworksBuildPhase section */

/* Begin PBXGroup section */
		053A8F9D2791B20600C9FE8F = {
			isa = PBXGroup;
			children = (
				053A8FD12791B4F700C9FE8F /* Time--iOS--Info.plist */,
				053A8FA22791B20600C9FE8F /* Shared */,
				053A8FB12791B20700C9FE8F /* macOS */,
				053A8FAB2791B20700C9FE8F /* Products */,
			);
			sourceTree = "<group>";
		};
		053A8FA22791B20600C9FE8F /* Shared */ = {
			isa = PBXGroup;
			children = (
				05CF0F69279A9A0D00215CD8 /* Common */,
				05CF0F5A2799B82B00215CD8 /* Services */,
				053A8FC72791B37800C9FE8F /* App */,
				053A8FCA2791B39D00C9FE8F /* Screens */,
				053A8FC12791B33900C9FE8F /* Utils */,
				053A8FA52791B20700C9FE8F /* Assets.xcassets */,
			);
			path = Shared;
			sourceTree = "<group>";
		};
		053A8FAB2791B20700C9FE8F /* Products */ = {
			isa = PBXGroup;
			children = (
				053A8FAA2791B20700C9FE8F /* Time.app */,
				053A8FB02791B20700C9FE8F /* Time.app */,
			);
			name = Products;
			sourceTree = "<group>";
		};
		053A8FB12791B20700C9FE8F /* macOS */ = {
			isa = PBXGroup;
			children = (
				053A8FB22791B20700C9FE8F /* macOS.entitlements */,
			);
			path = macOS;
			sourceTree = "<group>";
		};
		053A8FC12791B33900C9FE8F /* Utils */ = {
			isa = PBXGroup;
			children = (
				055C02A127A2BDAA0036C640 /* Fonts */,
				05CF0F70279AAB3900215CD8 /* Modifieres */,
				053A8FC22791B34200C9FE8F /* Extensions */,
			);
			path = Utils;
			sourceTree = "<group>";
		};
		053A8FC22791B34200C9FE8F /* Extensions */ = {
			isa = PBXGroup;
			children = (
				053A8FC32791B35100C9FE8F /* Color+extensions.swift */,
				053A8FC52791B35D00C9FE8F /* Font+Extension.swift */,
				05CF0F562799B54E00215CD8 /* View+extensions.swift */,
				05CF0F73279AC66A00215CD8 /* UIApplication+extensions.swift */,
				05CF100527A04D2100215CD8 /* Date+extensions.swift */,
				05373A9427A143A7002136E6 /* Binding+extensions.swift */,
				05373A9627A144CC002136E6 /* Int+extensions.swift */,
				05373A9827A149F7002136E6 /* UserDefaults+extension.swift */,
				05373A9A27A14DC4002136E6 /* Double+extensions.swift */,
			);
			path = Extensions;
			sourceTree = "<group>";
		};
		053A8FC72791B37800C9FE8F /* App */ = {
			isa = PBXGroup;
			children = (
				053A8FA32791B20600C9FE8F /* TimeApp.swift */,
				053A8FC82791B38D00C9FE8F /* Constants.swift */,
				05373A9227A13B9F002136E6 /* Ranges.swift */,
			);
			path = App;
			sourceTree = "<group>";
		};
		053A8FCA2791B39D00C9FE8F /* Screens */ = {
			isa = PBXGroup;
			children = (
				05CF0F61279A88A800215CD8 /* CategoryDetails */,
				05CF0F532799B52800215CD8 /* Home */,
				053A8FCC2791B3B600C9FE8F /* Main */,
				053A8FCB2791B3A900C9FE8F /* OnBoarding */,
				05CF0F64279A8CF700215CD8 /* ExtensionTestView.swift */,
			);
			path = Screens;
			sourceTree = "<group>";
		};
		053A8FCB2791B3A900C9FE8F /* OnBoarding */ = {
			isa = PBXGroup;
			children = (
				053A8FCD2791B3C800C9FE8F /* OnBoardingView.swift */,
			);
			path = OnBoarding;
			sourceTree = "<group>";
		};
		053A8FCC2791B3B600C9FE8F /* Main */ = {
			isa = PBXGroup;
			children = (
				053A8FCF2791B3D900C9FE8F /* MainView.swift */,
				05CF0F582799B56D00215CD8 /* MainViewModel.swift */,
			);
			path = Main;
			sourceTree = "<group>";
		};
		055C02A127A2BDAA0036C640 /* Fonts */ = {
			isa = PBXGroup;
			children = (
				055C02A227A2BDB60036C640 /* Spartan-Bold.ttf */,
				055C02A827A2BDB60036C640 /* Spartan-ExtraBold.ttf */,
				055C02A427A2BDB60036C640 /* Spartan-ExtraLight.ttf */,
				055C02A627A2BDB60036C640 /* Spartan-Light.ttf */,
				055C02A727A2BDB60036C640 /* Spartan-Medium.ttf */,
				055C02A327A2BDB60036C640 /* Spartan-Regular.ttf */,
				055C02A527A2BDB60036C640 /* Spartan-SemiBold.ttf */,
				055C02A927A2BDB70036C640 /* Spartan-Thin.ttf */,
			);
			path = Fonts;
			sourceTree = "<group>";
		};
		05CF0F532799B52800215CD8 /* Home */ = {
			isa = PBXGroup;
			children = (
				05CF0F542799B53400215CD8 /* CategoryView.swift */,
				05CF0F67279A95D300215CD8 /* CategoryStorageModel.swift */,
				05CF0F6E279AA90100215CD8 /* CategoryViewModel.swift */,
				055C02BA27A2C70C0036C640 /* CategoryAction.swift */,
				055C02BD27A2CADE0036C640 /* CategoryState.swift */,
			);
			path = Home;
			sourceTree = "<group>";
		};
		05CF0F5A2799B82B00215CD8 /* Services */ = {
			isa = PBXGroup;
			children = (
				05CF0F5E2799B90F00215CD8 /* ServiceLocator */,
				05CF0F5B2799B83100215CD8 /* Local */,
			);
			path = Services;
			sourceTree = "<group>";
		};
		05CF0F5B2799B83100215CD8 /* Local */ = {
			isa = PBXGroup;
			children = (
				05CF0F5C2799B83F00215CD8 /* UserDefaultsStorage.swift */,
			);
			path = Local;
			sourceTree = "<group>";
		};
		05CF0F5E2799B90F00215CD8 /* ServiceLocator */ = {
			isa = PBXGroup;
			children = (
				05CF0F5F2799B91C00215CD8 /* ServiceLocator.swift */,
			);
			path = ServiceLocator;
			sourceTree = "<group>";
		};
		05CF0F61279A88A800215CD8 /* CategoryDetails */ = {
			isa = PBXGroup;
			children = (
				05CF0F62279A88CB00215CD8 /* CategoryDetailsView.swift */,
				05CF0F75279ACE0900215CD8 /* CategoryDetailsViewModel.swift */,
				05CF0F77279AD48000215CD8 /* CardDetailsViewAction.swift */,
				05CF0F79279AD64900215CD8 /* CardDetailsModel.swift */,
			);
			path = CategoryDetails;
			sourceTree = "<group>";
		};
		05CF0F69279A9A0D00215CD8 /* Common */ = {
			isa = PBXGroup;
			children = (
				05CF0F6A279A9A1C00215CD8 /* TimeButtonView.swift */,
				05CF0F6C279AA5D400215CD8 /* TimeNavBarView.swift */,
				05373A8B27A1365C002136E6 /* TimePickerView.swift */,
				05373A8D27A13A1B002136E6 /* MultiPickerView.swift */,
			);
			path = Common;
			sourceTree = "<group>";
		};
		05CF0F70279AAB3900215CD8 /* Modifieres */ = {
			isa = PBXGroup;
			children = (
				05CF0F71279AAB5700215CD8 /* SelectOnTapModifier.swift */,
			);
			path = Modifieres;
			sourceTree = "<group>";
		};
/* End PBXGroup section */

/* Begin PBXNativeTarget section */
		053A8FA92791B20700C9FE8F /* Time (iOS) */ = {
			isa = PBXNativeTarget;
			buildConfigurationList = 053A8FBB2791B20700C9FE8F /* Build configuration list for PBXNativeTarget "Time (iOS)" */;
			buildPhases = (
				053A8FA62791B20700C9FE8F /* Sources */,
				053A8FA72791B20700C9FE8F /* Frameworks */,
				053A8FA82791B20700C9FE8F /* Resources */,
			);
			buildRules = (
			);
			dependencies = (
			);
			name = "Time (iOS)";
			productName = "Time (iOS)";
			productReference = 053A8FAA2791B20700C9FE8F /* Time.app */;
			productType = "com.apple.product-type.application";
		};
		053A8FAF2791B20700C9FE8F /* Time (macOS) */ = {
			isa = PBXNativeTarget;
			buildConfigurationList = 053A8FBE2791B20700C9FE8F /* Build configuration list for PBXNativeTarget "Time (macOS)" */;
			buildPhases = (
				053A8FAC2791B20700C9FE8F /* Sources */,
				053A8FAD2791B20700C9FE8F /* Frameworks */,
				053A8FAE2791B20700C9FE8F /* Resources */,
			);
			buildRules = (
			);
			dependencies = (
			);
			name = "Time (macOS)";
			productName = "Time (macOS)";
			productReference = 053A8FB02791B20700C9FE8F /* Time.app */;
			productType = "com.apple.product-type.application";
		};
/* End PBXNativeTarget section */

/* Begin PBXProject section */
		053A8F9E2791B20600C9FE8F /* Project object */ = {
			isa = PBXProject;
			attributes = {
				BuildIndependentTargetsInParallel = 1;
				LastSwiftUpdateCheck = 1310;
				LastUpgradeCheck = 1310;
				TargetAttributes = {
					053A8FA92791B20700C9FE8F = {
						CreatedOnToolsVersion = 13.1;
					};
					053A8FAF2791B20700C9FE8F = {
						CreatedOnToolsVersion = 13.1;
					};
				};
			};
			buildConfigurationList = 053A8FA12791B20600C9FE8F /* Build configuration list for PBXProject "Time" */;
			compatibilityVersion = "Xcode 13.0";
			developmentRegion = en;
			hasScannedForEncodings = 0;
			knownRegions = (
				en,
				Base,
			);
			mainGroup = 053A8F9D2791B20600C9FE8F;
			productRefGroup = 053A8FAB2791B20700C9FE8F /* Products */;
			projectDirPath = "";
			projectRoot = "";
			targets = (
				053A8FA92791B20700C9FE8F /* Time (iOS) */,
				053A8FAF2791B20700C9FE8F /* Time (macOS) */,
			);
		};
/* End PBXProject section */

/* Begin PBXResourcesBuildPhase section */
		053A8FA82791B20700C9FE8F /* Resources */ = {
			isa = PBXResourcesBuildPhase;
			buildActionMask = 2147483647;
			files = (
				055C02AE27A2BDB70036C640 /* Spartan-ExtraLight.ttf in Resources */,
				053A8FB72791B20700C9FE8F /* Assets.xcassets in Resources */,
				055C02AA27A2BDB70036C640 /* Spartan-Bold.ttf in Resources */,
				055C02B427A2BDB70036C640 /* Spartan-Medium.ttf in Resources */,
				055C02B627A2BDB70036C640 /* Spartan-ExtraBold.ttf in Resources */,
				055C02B227A2BDB70036C640 /* Spartan-Light.ttf in Resources */,
				055C02AC27A2BDB70036C640 /* Spartan-Regular.ttf in Resources */,
				055C02B827A2BDB70036C640 /* Spartan-Thin.ttf in Resources */,
				055C02B027A2BDB70036C640 /* Spartan-SemiBold.ttf in Resources */,
			);
			runOnlyForDeploymentPostprocessing = 0;
		};
		053A8FAE2791B20700C9FE8F /* Resources */ = {
			isa = PBXResourcesBuildPhase;
			buildActionMask = 2147483647;
			files = (
				055C02AF27A2BDB70036C640 /* Spartan-ExtraLight.ttf in Resources */,
				053A8FB82791B20700C9FE8F /* Assets.xcassets in Resources */,
				055C02AB27A2BDB70036C640 /* Spartan-Bold.ttf in Resources */,
				055C02B527A2BDB70036C640 /* Spartan-Medium.ttf in Resources */,
				055C02B727A2BDB70036C640 /* Spartan-ExtraBold.ttf in Resources */,
				055C02B327A2BDB70036C640 /* Spartan-Light.ttf in Resources */,
				055C02AD27A2BDB70036C640 /* Spartan-Regular.ttf in Resources */,
				055C02B927A2BDB70036C640 /* Spartan-Thin.ttf in Resources */,
				055C02B127A2BDB70036C640 /* Spartan-SemiBold.ttf in Resources */,
			);
			runOnlyForDeploymentPostprocessing = 0;
		};
/* End PBXResourcesBuildPhase section */

/* Begin PBXSourcesBuildPhase section */
		053A8FA62791B20700C9FE8F /* Sources */ = {
			isa = PBXSourcesBuildPhase;
			buildActionMask = 2147483647;
			files = (
				055C02BB27A2C70C0036C640 /* CategoryAction.swift in Sources */,
				05CF0F5D2799B83F00215CD8 /* UserDefaultsStorage.swift in Sources */,
				053A8FC92791B38D00C9FE8F /* Constants.swift in Sources */,
				05CF0F552799B53400215CD8 /* CategoryView.swift in Sources */,
				05CF0F6D279AA5D400215CD8 /* TimeNavBarView.swift in Sources */,
				05CF0F602799B91C00215CD8 /* ServiceLocator.swift in Sources */,
				05373A9927A149F7002136E6 /* UserDefaults+extension.swift in Sources */,
				05CF0F76279ACE0900215CD8 /* CategoryDetailsViewModel.swift in Sources */,
				053A8FD02791B3D900C9FE8F /* MainView.swift in Sources */,
				05373A8C27A1365C002136E6 /* TimePickerView.swift in Sources */,
				05CF0F78279AD48000215CD8 /* CardDetailsViewAction.swift in Sources */,
				05373A9327A13B9F002136E6 /* Ranges.swift in Sources */,
				05CF0F7A279AD64900215CD8 /* CardDetailsModel.swift in Sources */,
				055C02BE27A2CADE0036C640 /* CategoryState.swift in Sources */,
				05CF0F65279A8CF700215CD8 /* ExtensionTestView.swift in Sources */,
				053A8FC42791B35100C9FE8F /* Color+extensions.swift in Sources */,
				05373A8E27A13A1B002136E6 /* MultiPickerView.swift in Sources */,
				05CF0F72279AAB5700215CD8 /* SelectOnTapModifier.swift in Sources */,
				053A8FCE2791B3C800C9FE8F /* OnBoardingView.swift in Sources */,
				05CF0F6F279AA90100215CD8 /* CategoryViewModel.swift in Sources */,
				05373A9B27A14DC4002136E6 /* Double+extensions.swift in Sources */,
				05373A9527A143A7002136E6 /* Binding+extensions.swift in Sources */,
				053A8FC62791B35D00C9FE8F /* Font+Extension.swift in Sources */,
				05CF0F572799B54E00215CD8 /* View+extensions.swift in Sources */,
				05CF0F6B279A9A1C00215CD8 /* TimeButtonView.swift in Sources */,
				05373A9727A144CC002136E6 /* Int+extensions.swift in Sources */,
				053A8FB32791B20700C9FE8F /* TimeApp.swift in Sources */,
				05CF0F68279A95D300215CD8 /* CategoryStorageModel.swift in Sources */,
				05CF100627A04D2100215CD8 /* Date+extensions.swift in Sources */,
				05CF0F592799B56D00215CD8 /* MainViewModel.swift in Sources */,
				05CF0F63279A88CB00215CD8 /* CategoryDetailsView.swift in Sources */,
				05CF0F74279AC66A00215CD8 /* UIApplication+extensions.swift in Sources */,
			);
			runOnlyForDeploymentPostprocessing = 0;
		};
		053A8FAC2791B20700C9FE8F /* Sources */ = {
			isa = PBXSourcesBuildPhase;
			buildActionMask = 2147483647;
			files = (
				055C02BF27A2CADE0036C640 /* CategoryState.swift in Sources */,
				053A8FB42791B20700C9FE8F /* TimeApp.swift in Sources */,
				055C02BC27A2C70C0036C640 /* CategoryAction.swift in Sources */,
			);
			runOnlyForDeploymentPostprocessing = 0;
		};
/* End PBXSourcesBuildPhase section */

/* Begin XCBuildConfiguration section */
		053A8FB92791B20700C9FE8F /* Debug */ = {
			isa = XCBuildConfiguration;
			buildSettings = {
				ALWAYS_SEARCH_USER_PATHS = NO;
				CLANG_ANALYZER_NONNULL = YES;
				CLANG_ANALYZER_NUMBER_OBJECT_CONVERSION = YES_AGGRESSIVE;
				CLANG_CXX_LANGUAGE_STANDARD = "gnu++17";
				CLANG_CXX_LIBRARY = "libc++";
				CLANG_ENABLE_MODULES = YES;
				CLANG_ENABLE_OBJC_ARC = YES;
				CLANG_ENABLE_OBJC_WEAK = YES;
				CLANG_WARN_BLOCK_CAPTURE_AUTORELEASING = YES;
				CLANG_WARN_BOOL_CONVERSION = YES;
				CLANG_WARN_COMMA = YES;
				CLANG_WARN_CONSTANT_CONVERSION = YES;
				CLANG_WARN_DEPRECATED_OBJC_IMPLEMENTATIONS = YES;
				CLANG_WARN_DIRECT_OBJC_ISA_USAGE = YES_ERROR;
				CLANG_WARN_DOCUMENTATION_COMMENTS = YES;
				CLANG_WARN_EMPTY_BODY = YES;
				CLANG_WARN_ENUM_CONVERSION = YES;
				CLANG_WARN_INFINITE_RECURSION = YES;
				CLANG_WARN_INT_CONVERSION = YES;
				CLANG_WARN_NON_LITERAL_NULL_CONVERSION = YES;
				CLANG_WARN_OBJC_IMPLICIT_RETAIN_SELF = YES;
				CLANG_WARN_OBJC_LITERAL_CONVERSION = YES;
				CLANG_WARN_OBJC_ROOT_CLASS = YES_ERROR;
				CLANG_WARN_QUOTED_INCLUDE_IN_FRAMEWORK_HEADER = YES;
				CLANG_WARN_RANGE_LOOP_ANALYSIS = YES;
				CLANG_WARN_STRICT_PROTOTYPES = YES;
				CLANG_WARN_SUSPICIOUS_MOVE = YES;
				CLANG_WARN_UNGUARDED_AVAILABILITY = YES_AGGRESSIVE;
				CLANG_WARN_UNREACHABLE_CODE = YES;
				CLANG_WARN__DUPLICATE_METHOD_MATCH = YES;
				COPY_PHASE_STRIP = NO;
				DEBUG_INFORMATION_FORMAT = dwarf;
				ENABLE_STRICT_OBJC_MSGSEND = YES;
				ENABLE_TESTABILITY = YES;
				GCC_C_LANGUAGE_STANDARD = gnu11;
				GCC_DYNAMIC_NO_PIC = NO;
				GCC_NO_COMMON_BLOCKS = YES;
				GCC_OPTIMIZATION_LEVEL = 0;
				GCC_PREPROCESSOR_DEFINITIONS = (
					"DEBUG=1",
					"$(inherited)",
				);
				GCC_WARN_64_TO_32_BIT_CONVERSION = YES;
				GCC_WARN_ABOUT_RETURN_TYPE = YES_ERROR;
				GCC_WARN_UNDECLARED_SELECTOR = YES;
				GCC_WARN_UNINITIALIZED_AUTOS = YES_AGGRESSIVE;
				GCC_WARN_UNUSED_FUNCTION = YES;
				GCC_WARN_UNUSED_VARIABLE = YES;
				MTL_ENABLE_DEBUG_INFO = INCLUDE_SOURCE;
				MTL_FAST_MATH = YES;
				ONLY_ACTIVE_ARCH = YES;
				SWIFT_ACTIVE_COMPILATION_CONDITIONS = DEBUG;
				SWIFT_OPTIMIZATION_LEVEL = "-Onone";
			};
			name = Debug;
		};
		053A8FBA2791B20700C9FE8F /* Release */ = {
			isa = XCBuildConfiguration;
			buildSettings = {
				ALWAYS_SEARCH_USER_PATHS = NO;
				CLANG_ANALYZER_NONNULL = YES;
				CLANG_ANALYZER_NUMBER_OBJECT_CONVERSION = YES_AGGRESSIVE;
				CLANG_CXX_LANGUAGE_STANDARD = "gnu++17";
				CLANG_CXX_LIBRARY = "libc++";
				CLANG_ENABLE_MODULES = YES;
				CLANG_ENABLE_OBJC_ARC = YES;
				CLANG_ENABLE_OBJC_WEAK = YES;
				CLANG_WARN_BLOCK_CAPTURE_AUTORELEASING = YES;
				CLANG_WARN_BOOL_CONVERSION = YES;
				CLANG_WARN_COMMA = YES;
				CLANG_WARN_CONSTANT_CONVERSION = YES;
				CLANG_WARN_DEPRECATED_OBJC_IMPLEMENTATIONS = YES;
				CLANG_WARN_DIRECT_OBJC_ISA_USAGE = YES_ERROR;
				CLANG_WARN_DOCUMENTATION_COMMENTS = YES;
				CLANG_WARN_EMPTY_BODY = YES;
				CLANG_WARN_ENUM_CONVERSION = YES;
				CLANG_WARN_INFINITE_RECURSION = YES;
				CLANG_WARN_INT_CONVERSION = YES;
				CLANG_WARN_NON_LITERAL_NULL_CONVERSION = YES;
				CLANG_WARN_OBJC_IMPLICIT_RETAIN_SELF = YES;
				CLANG_WARN_OBJC_LITERAL_CONVERSION = YES;
				CLANG_WARN_OBJC_ROOT_CLASS = YES_ERROR;
				CLANG_WARN_QUOTED_INCLUDE_IN_FRAMEWORK_HEADER = YES;
				CLANG_WARN_RANGE_LOOP_ANALYSIS = YES;
				CLANG_WARN_STRICT_PROTOTYPES = YES;
				CLANG_WARN_SUSPICIOUS_MOVE = YES;
				CLANG_WARN_UNGUARDED_AVAILABILITY = YES_AGGRESSIVE;
				CLANG_WARN_UNREACHABLE_CODE = YES;
				CLANG_WARN__DUPLICATE_METHOD_MATCH = YES;
				COPY_PHASE_STRIP = NO;
				DEBUG_INFORMATION_FORMAT = "dwarf-with-dsym";
				ENABLE_NS_ASSERTIONS = NO;
				ENABLE_STRICT_OBJC_MSGSEND = YES;
				GCC_C_LANGUAGE_STANDARD = gnu11;
				GCC_NO_COMMON_BLOCKS = YES;
				GCC_WARN_64_TO_32_BIT_CONVERSION = YES;
				GCC_WARN_ABOUT_RETURN_TYPE = YES_ERROR;
				GCC_WARN_UNDECLARED_SELECTOR = YES;
				GCC_WARN_UNINITIALIZED_AUTOS = YES_AGGRESSIVE;
				GCC_WARN_UNUSED_FUNCTION = YES;
				GCC_WARN_UNUSED_VARIABLE = YES;
				MTL_ENABLE_DEBUG_INFO = NO;
				MTL_FAST_MATH = YES;
				SWIFT_COMPILATION_MODE = wholemodule;
				SWIFT_OPTIMIZATION_LEVEL = "-O";
			};
			name = Release;
		};
		053A8FBC2791B20700C9FE8F /* Debug */ = {
			isa = XCBuildConfiguration;
			buildSettings = {
				ASSETCATALOG_COMPILER_APPICON_NAME = AppIcon;
				ASSETCATALOG_COMPILER_GLOBAL_ACCENT_COLOR_NAME = AccentColor;
				CODE_SIGN_STYLE = Automatic;
				CURRENT_PROJECT_VERSION = 1;
				DEVELOPMENT_TEAM = 3LH58YF246;
				ENABLE_PREVIEWS = YES;
				GENERATE_INFOPLIST_FILE = YES;
				INFOPLIST_FILE = "Time--iOS--Info.plist";
				INFOPLIST_KEY_UIApplicationSceneManifest_Generation = YES;
				INFOPLIST_KEY_UIApplicationSupportsIndirectInputEvents = YES;
				INFOPLIST_KEY_UISupportedInterfaceOrientations_iPad = "UIInterfaceOrientationPortrait UIInterfaceOrientationPortraitUpsideDown UIInterfaceOrientationLandscapeLeft UIInterfaceOrientationLandscapeRight";
				INFOPLIST_KEY_UISupportedInterfaceOrientations_iPhone = "UIInterfaceOrientationPortrait UIInterfaceOrientationLandscapeLeft UIInterfaceOrientationLandscapeRight";
				IPHONEOS_DEPLOYMENT_TARGET = 15.0;
				LD_RUNPATH_SEARCH_PATHS = (
					"$(inherited)",
					"@executable_path/Frameworks",
				);
				MARKETING_VERSION = 1.0;
				PRODUCT_BUNDLE_IDENTIFIER = "meerim-pavel-developing.Time";
				PRODUCT_NAME = Time;
				SDKROOT = iphoneos;
				SWIFT_EMIT_LOC_STRINGS = YES;
				SWIFT_VERSION = 5.0;
				TARGETED_DEVICE_FAMILY = "1,2";
			};
			name = Debug;
		};
		053A8FBD2791B20700C9FE8F /* Release */ = {
			isa = XCBuildConfiguration;
			buildSettings = {
				ASSETCATALOG_COMPILER_APPICON_NAME = AppIcon;
				ASSETCATALOG_COMPILER_GLOBAL_ACCENT_COLOR_NAME = AccentColor;
				CODE_SIGN_STYLE = Automatic;
				CURRENT_PROJECT_VERSION = 1;
				DEVELOPMENT_TEAM = 3LH58YF246;
				ENABLE_PREVIEWS = YES;
				GENERATE_INFOPLIST_FILE = YES;
				INFOPLIST_FILE = "Time--iOS--Info.plist";
				INFOPLIST_KEY_UIApplicationSceneManifest_Generation = YES;
				INFOPLIST_KEY_UIApplicationSupportsIndirectInputEvents = YES;
				INFOPLIST_KEY_UISupportedInterfaceOrientations_iPad = "UIInterfaceOrientationPortrait UIInterfaceOrientationPortraitUpsideDown UIInterfaceOrientationLandscapeLeft UIInterfaceOrientationLandscapeRight";
				INFOPLIST_KEY_UISupportedInterfaceOrientations_iPhone = "UIInterfaceOrientationPortrait UIInterfaceOrientationLandscapeLeft UIInterfaceOrientationLandscapeRight";
				IPHONEOS_DEPLOYMENT_TARGET = 15.0;
				LD_RUNPATH_SEARCH_PATHS = (
					"$(inherited)",
					"@executable_path/Frameworks",
				);
				MARKETING_VERSION = 1.0;
				PRODUCT_BUNDLE_IDENTIFIER = "meerim-pavel-developing.Time";
				PRODUCT_NAME = Time;
				SDKROOT = iphoneos;
				SWIFT_EMIT_LOC_STRINGS = YES;
				SWIFT_VERSION = 5.0;
				TARGETED_DEVICE_FAMILY = "1,2";
				VALIDATE_PRODUCT = YES;
			};
			name = Release;
		};
		053A8FBF2791B20700C9FE8F /* Debug */ = {
			isa = XCBuildConfiguration;
			buildSettings = {
				ASSETCATALOG_COMPILER_APPICON_NAME = AppIcon;
				ASSETCATALOG_COMPILER_GLOBAL_ACCENT_COLOR_NAME = AccentColor;
				CODE_SIGN_ENTITLEMENTS = macOS/macOS.entitlements;
				CODE_SIGN_STYLE = Automatic;
				COMBINE_HIDPI_IMAGES = YES;
				CURRENT_PROJECT_VERSION = 1;
				DEVELOPMENT_TEAM = 3LH58YF246;
				ENABLE_HARDENED_RUNTIME = YES;
				ENABLE_PREVIEWS = YES;
				GENERATE_INFOPLIST_FILE = YES;
				INFOPLIST_KEY_NSHumanReadableCopyright = "";
				LD_RUNPATH_SEARCH_PATHS = (
					"$(inherited)",
					"@executable_path/../Frameworks",
				);
				MACOSX_DEPLOYMENT_TARGET = 12.0;
				MARKETING_VERSION = 1.0;
				PRODUCT_BUNDLE_IDENTIFIER = "meerim-pavel-developing.Time";
				PRODUCT_NAME = Time;
				SDKROOT = macosx;
				SWIFT_EMIT_LOC_STRINGS = YES;
				SWIFT_VERSION = 5.0;
			};
			name = Debug;
		};
		053A8FC02791B20700C9FE8F /* Release */ = {
			isa = XCBuildConfiguration;
			buildSettings = {
				ASSETCATALOG_COMPILER_APPICON_NAME = AppIcon;
				ASSETCATALOG_COMPILER_GLOBAL_ACCENT_COLOR_NAME = AccentColor;
				CODE_SIGN_ENTITLEMENTS = macOS/macOS.entitlements;
				CODE_SIGN_STYLE = Automatic;
				COMBINE_HIDPI_IMAGES = YES;
				CURRENT_PROJECT_VERSION = 1;
				DEVELOPMENT_TEAM = 3LH58YF246;
				ENABLE_HARDENED_RUNTIME = YES;
				ENABLE_PREVIEWS = YES;
				GENERATE_INFOPLIST_FILE = YES;
				INFOPLIST_KEY_NSHumanReadableCopyright = "";
				LD_RUNPATH_SEARCH_PATHS = (
					"$(inherited)",
					"@executable_path/../Frameworks",
				);
				MACOSX_DEPLOYMENT_TARGET = 12.0;
				MARKETING_VERSION = 1.0;
				PRODUCT_BUNDLE_IDENTIFIER = "meerim-pavel-developing.Time";
				PRODUCT_NAME = Time;
				SDKROOT = macosx;
				SWIFT_EMIT_LOC_STRINGS = YES;
				SWIFT_VERSION = 5.0;
			};
			name = Release;
		};
/* End XCBuildConfiguration section */

/* Begin XCConfigurationList section */
		053A8FA12791B20600C9FE8F /* Build configuration list for PBXProject "Time" */ = {
			isa = XCConfigurationList;
			buildConfigurations = (
				053A8FB92791B20700C9FE8F /* Debug */,
				053A8FBA2791B20700C9FE8F /* Release */,
			);
			defaultConfigurationIsVisible = 0;
			defaultConfigurationName = Release;
		};
		053A8FBB2791B20700C9FE8F /* Build configuration list for PBXNativeTarget "Time (iOS)" */ = {
			isa = XCConfigurationList;
			buildConfigurations = (
				053A8FBC2791B20700C9FE8F /* Debug */,
				053A8FBD2791B20700C9FE8F /* Release */,
			);
			defaultConfigurationIsVisible = 0;
			defaultConfigurationName = Release;
		};
		053A8FBE2791B20700C9FE8F /* Build configuration list for PBXNativeTarget "Time (macOS)" */ = {
			isa = XCConfigurationList;
			buildConfigurations = (
				053A8FBF2791B20700C9FE8F /* Debug */,
				053A8FC02791B20700C9FE8F /* Release */,
			);
			defaultConfigurationIsVisible = 0;
			defaultConfigurationName = Release;
		};
/* End XCConfigurationList section */
	};
	rootObject = 053A8F9E2791B20600C9FE8F /* Project object */;
}
